
Microsoft Visual Studio Solution File, Format Version 12.00
# Visual Studio Version 17
VisualStudioVersion = 17.0.31903.59
MinimumVisualStudioVersion = 10.0.40219.1
Project("{FAE04EC0-301F-11D3-BF4B-00C04F79EFBC}") = "BTCB2_B22", "BTCB2_B22\BTCB2_B22.csproj", "{372148A8-BE09-482B-84F4-7223D6A46A50}"
EndProject
Global
	GlobalSection(SolutionConfigurationPlatforms) = preSolution
		Debug|Any CPU = Debug|Any CPU
		Release|Any CPU = Release|Any CPU
	EndGlobalSection
	GlobalSection(ProjectConfigurationPlatforms) = postSolution
		{372148A8-BE09-482B-84F4-7223D6A46A50}.Debug|Any CPU.ActiveCfg = Debug|Any CPU
		{372148A8-BE09-482B-84F4-7223D6A46A50}.Debug|Any CPU.Build.0 = Debug|Any CPU
		{372148A8-BE09-482B-84F4-7223D6A46A50}.Release|Any CPU.ActiveCfg = Release|Any CPU
		{372148A8-BE09-482B-84F4-7223D6A46A50}.Release|Any CPU.Build.0 = Release|Any CPU
	EndGlobalSection
	GlobalSection(SolutionProperties) = preSolution
		HideSolutionNode = FALSE
	EndGlobalSection
	GlobalSection(ExtensibilityGlobals) = postSolution
		SolutionGuid = {FC0A847C-8AFB-4E7E-8896-57031198021F}
	EndGlobalSection
EndGlobal
