
Microsoft Visual Studio Solution File, Format Version 12.00
# Visual Studio Version 17
VisualStudioVersion = 17.0.31903.59
MinimumVisualStudioVersion = 10.0.40219.1
Project("{FAE04EC0-301F-11D3-BF4B-00C04F79EFBC}") = "DiemDanh", "DiemDanh\DiemDanh.csproj", "{02993AF5-E6CA-4C4D-B31C-917BFD1422D0}"
EndProject
Global
	GlobalSection(SolutionConfigurationPlatforms) = preSolution
		Debug|Any CPU = Debug|Any CPU
		Release|Any CPU = Release|Any CPU
	EndGlobalSection
	GlobalSection(ProjectConfigurationPlatforms) = postSolution
		{02993AF5-E6CA-4C4D-B31C-917BFD1422D0}.Debug|Any CPU.ActiveCfg = Debug|Any CPU
		{02993AF5-E6CA-4C4D-B31C-917BFD1422D0}.Debug|Any CPU.Build.0 = Debug|Any CPU
		{02993AF5-E6CA-4C4D-B31C-917BFD1422D0}.Release|Any CPU.ActiveCfg = Release|Any CPU
		{02993AF5-E6CA-4C4D-B31C-917BFD1422D0}.Release|Any CPU.Build.0 = Release|Any CPU
	EndGlobalSection
	GlobalSection(SolutionProperties) = preSolution
		HideSolutionNode = FALSE
	EndGlobalSection
	GlobalSection(ExtensibilityGlobals) = postSolution
		SolutionGuid = {3BC2FA2E-0A0A-4558-942C-FE3345E62FC4}
	EndGlobalSection
EndGlobal
